
Microsoft Visual Studio Solution File, Format Version 12.00
# Visual Studio Version 17
VisualStudioVersion = 17.5.33530.505
MinimumVisualStudioVersion = 10.0.40219.1
Project("{9A19103F-16F7-4668-BE54-9A1E7A4F7556}") = "WebAPIMongo", "WebAPIMongo.csproj", "{249DF8C5-141D-4A1B-95BE-54F11A211B88}"
EndProject
Global
	GlobalSection(SolutionConfigurationPlatforms) = preSolution
		Debug|Any CPU = Debug|Any CPU
		Release|Any CPU = Release|Any CPU
	EndGlobalSection
	GlobalSection(ProjectConfigurationPlatforms) = postSolution
		{249DF8C5-141D-4A1B-95BE-54F11A211B88}.Debug|Any CPU.ActiveCfg = Debug|Any CPU
		{249DF8C5-141D-4A1B-95BE-54F11A211B88}.Debug|Any CPU.Build.0 = Debug|Any CPU
		{249DF8C5-141D-4A1B-95BE-54F11A211B88}.Release|Any CPU.ActiveCfg = Release|Any CPU
		{249DF8C5-141D-4A1B-95BE-54F11A211B88}.Release|Any CPU.Build.0 = Release|Any CPU
	EndGlobalSection
	GlobalSection(SolutionProperties) = preSolution
		HideSolutionNode = FALSE
	EndGlobalSection
	GlobalSection(ExtensibilityGlobals) = postSolution
		SolutionGuid = {E3CD8379-6E0F-42E6-B72A-94383A1E8579}
	EndGlobalSection
EndGlobal
